
Microsoft Visual Studio Solution File, Format Version 12.00
# Visual Studio Version 17
VisualStudioVersion = 17.5.33516.290
MinimumVisualStudioVersion = 10.0.40219.1
Project("{FAE04EC0-301F-11D3-BF4B-00C04F79EFBC}") = "i02", "i02.csproj", "{F3F66853-9783-44E7-96FA-8247759595B9}"
EndProject
Project("{FAE04EC0-301F-11D3-BF4B-00C04F79EFBC}") = "entidades", "..\entidades\entidades.csproj", "{8A6F296E-F5F7-42C4-BA28-8E5DF0C1AEDB}"
EndProject
Global
	GlobalSection(SolutionConfigurationPlatforms) = preSolution
		Debug|Any CPU = Debug|Any CPU
		Release|Any CPU = Release|Any CPU
	EndGlobalSection
	GlobalSection(ProjectConfigurationPlatforms) = postSolution
		{F3F66853-9783-44E7-96FA-8247759595B9}.Debug|Any CPU.ActiveCfg = Debug|Any CPU
		{F3F66853-9783-44E7-96FA-8247759595B9}.Debug|Any CPU.Build.0 = Debug|Any CPU
		{F3F66853-9783-44E7-96FA-8247759595B9}.Release|Any CPU.ActiveCfg = Release|Any CPU
		{F3F66853-9783-44E7-96FA-8247759595B9}.Release|Any CPU.Build.0 = Release|Any CPU
		{8A6F296E-F5F7-42C4-BA28-8E5DF0C1AEDB}.Debug|Any CPU.ActiveCfg = Debug|Any CPU
		{8A6F296E-F5F7-42C4-BA28-8E5DF0C1AEDB}.Debug|Any CPU.Build.0 = Debug|Any CPU
		{8A6F296E-F5F7-42C4-BA28-8E5DF0C1AEDB}.Release|Any CPU.ActiveCfg = Release|Any CPU
		{8A6F296E-F5F7-42C4-BA28-8E5DF0C1AEDB}.Release|Any CPU.Build.0 = Release|Any CPU
	EndGlobalSection
	GlobalSection(SolutionProperties) = preSolution
		HideSolutionNode = FALSE
	EndGlobalSection
	GlobalSection(ExtensibilityGlobals) = postSolution
		SolutionGuid = {7B28E253-CBBF-461F-A3C7-E65C7707299E}
	EndGlobalSection
EndGlobal
